
Microsoft Visual Studio Solution File, Format Version 12.00
# Visual Studio Version 16
VisualStudioVersion = 16.0.29519.87
MinimumVisualStudioVersion = 10.0.40219.1
Project("{FAE04EC0-301F-11D3-BF4B-00C04F79EFBC}") = "CheckMyVehicle", "CheckMyVehicle\CheckMyVehicle.csproj", "{AB2654F2-3569-41F0-ADAA-C460633665ED}"
EndProject
Global
	GlobalSection(SolutionConfigurationPlatforms) = preSolution
		Debug|Any CPU = Debug|Any CPU
		Release|Any CPU = Release|Any CPU
	EndGlobalSection
	GlobalSection(ProjectConfigurationPlatforms) = postSolution
		{AB2654F2-3569-41F0-ADAA-C460633665ED}.Debug|Any CPU.ActiveCfg = Debug|Any CPU
		{AB2654F2-3569-41F0-ADAA-C460633665ED}.Debug|Any CPU.Build.0 = Debug|Any CPU
		{AB2654F2-3569-41F0-ADAA-C460633665ED}.Release|Any CPU.ActiveCfg = Release|Any CPU
		{AB2654F2-3569-41F0-ADAA-C460633665ED}.Release|Any CPU.Build.0 = Release|Any CPU
	EndGlobalSection
	GlobalSection(SolutionProperties) = preSolution
		HideSolutionNode = FALSE
	EndGlobalSection
	GlobalSection(ExtensibilityGlobals) = postSolution
		SolutionGuid = {5F066567-B6A7-4A3D-9A35-CCC257D2FD3E}
	EndGlobalSection
EndGlobal
